
Microsoft Visual Studio Solution File, Format Version 12.00
# Visual Studio 15
VisualStudioVersion = 15.0.28010.2026
MinimumVisualStudioVersion = 10.0.40219.1
Project("{FAE04EC0-301F-11D3-BF4B-00C04F79EFBC}") = "Dictionary1", "Dictionary1\Dictionary1.csproj", "{AE2AD1F8-B3DD-42E4-9EB9-E07037C1F4D1}"
EndProject
Project("{FAE04EC0-301F-11D3-BF4B-00C04F79EFBC}") = "Tudien1", "Tudien1\Tudien1.csproj", "{407D9065-C002-4CC9-99FC-B0B39BFD2ABB}"
EndProject
Global
	GlobalSection(SolutionConfigurationPlatforms) = preSolution
		Debug|Any CPU = Debug|Any CPU
		Release|Any CPU = Release|Any CPU
	EndGlobalSection
	GlobalSection(ProjectConfigurationPlatforms) = postSolution
		{AE2AD1F8-B3DD-42E4-9EB9-E07037C1F4D1}.Debug|Any CPU.ActiveCfg = Debug|Any CPU
		{AE2AD1F8-B3DD-42E4-9EB9-E07037C1F4D1}.Debug|Any CPU.Build.0 = Debug|Any CPU
		{AE2AD1F8-B3DD-42E4-9EB9-E07037C1F4D1}.Release|Any CPU.ActiveCfg = Release|Any CPU
		{AE2AD1F8-B3DD-42E4-9EB9-E07037C1F4D1}.Release|Any CPU.Build.0 = Release|Any CPU
		{407D9065-C002-4CC9-99FC-B0B39BFD2ABB}.Debug|Any CPU.ActiveCfg = Debug|Any CPU
		{407D9065-C002-4CC9-99FC-B0B39BFD2ABB}.Debug|Any CPU.Build.0 = Debug|Any CPU
		{407D9065-C002-4CC9-99FC-B0B39BFD2ABB}.Release|Any CPU.ActiveCfg = Release|Any CPU
		{407D9065-C002-4CC9-99FC-B0B39BFD2ABB}.Release|Any CPU.Build.0 = Release|Any CPU
	EndGlobalSection
	GlobalSection(SolutionProperties) = preSolution
		HideSolutionNode = FALSE
	EndGlobalSection
	GlobalSection(ExtensibilityGlobals) = postSolution
		SolutionGuid = {F9653C19-295D-4442-BD03-184E940B187E}
	EndGlobalSection
EndGlobal
